[[package]]
name = "astor"
version = "0.8.1"
description = "Read/rewrite/write Python ASTs"
category = "dev"
optional = false
python-versions = "!=3.0.*,!=3.1.*,!=3.2.*,!=3.3.*,>=2.7"

[[package]]
name = "astroid"
version = "2.12.12"
description = "An abstract syntax tree for Python with inference support."
category = "dev"
optional = false
python-versions = ">=3.7.2"

[package.dependencies]
lazy-object-proxy = ">=1.4.0"
wrapt = [
    {version = ">=1.11,<2", markers = "python_version < \"3.11\""},
    {version = ">=1.14,<2", markers = "python_version >= \"3.11\""},
]

[[package]]
name = "attrs"
version = "22.1.0"
description = "Classes Without Boilerplate"
category = "dev"
optional = false
python-versions = ">=3.5"

[package.extras]
dev = ["cloudpickle", "coverage[toml] (>=5.0.2)", "furo", "hypothesis", "mypy (>=0.900,!=0.940)", "pre-commit", "pympler", "pytest (>=4.3.0)", "pytest-mypy-plugins", "sphinx", "sphinx-notfound-page", "zope.interface"]
docs = ["furo", "sphinx", "sphinx-notfound-page", "zope.interface"]
tests = ["cloudpickle", "coverage[toml] (>=5.0.2)", "hypothesis", "mypy (>=0.900,!=0.940)", "pympler", "pytest (>=4.3.0)", "pytest-mypy-plugins", "zope.interface"]
tests_no_zope = ["cloudpickle", "coverage[toml] (>=5.0.2)", "hypothesis", "mypy (>=0.900,!=0.940)", "pympler", "pytest (>=4.3.0)", "pytest-mypy-plugins"]

[[package]]
name = "bandit"
version = "1.7.4"
description = "Security oriented static analyser for python code."
category = "dev"
optional = false
python-versions = ">=3.7"

[package.dependencies]
colorama = {version = ">=0.3.9", markers = "platform_system == \"Windows\""}
GitPython = ">=1.0.1"
PyYAML = ">=5.3.1"
stevedore = ">=1.20.0"

[package.extras]
test = ["beautifulsoup4 (>=4.8.0)", "coverage (>=4.5.4)", "fixtures (>=3.0.0)", "flake8 (>=4.0.0)", "pylint (==1.9.4)", "stestr (>=2.5.0)", "testscenarios (>=0.5.0)", "testtools (>=2.3.0)", "toml"]
toml = ["toml"]
yaml = ["PyYAML"]

[[package]]
name = "black"
version = "22.10.0"
description = "The uncompromising code formatter."
category = "dev"
optional = false
python-versions = ">=3.7"

[package.dependencies]
click = ">=8.0.0"
mypy-extensions = ">=0.4.3"
pathspec = ">=0.9.0"
platformdirs = ">=2"
tomli = {version = ">=1.1.0", markers = "python_full_version < \"3.11.0a7\""}

[package.extras]
colorama = ["colorama (>=0.4.3)"]
d = ["aiohttp (>=3.7.4)"]
jupyter = ["ipython (>=7.8.0)", "tokenize-rt (>=3.2.0)"]
uvloop = ["uvloop (>=0.15.2)"]

[[package]]
name = "click"
version = "8.1.3"
description = "Composable command line interface toolkit"
category = "dev"
optional = false
python-versions = ">=3.7"

[package.dependencies]
colorama = {version = "*", markers = "platform_system == \"Windows\""}

[[package]]
name = "cloudevents"
version = "1.6.2"
description = ""
category = "main"
optional = false
python-versions = "*"

[package.dependencies]
deprecation = ">=2.0,<3.0"

[[package]]
name = "cognitive-complexity"
version = "1.3.0"
description = "Library to calculate Python functions cognitive complexity via code"
category = "dev"
optional = false
python-versions = ">=3.6"

[package.dependencies]
setuptools = "*"

[[package]]
name = "colorama"
version = "0.4.6"
description = "Cross-platform colored terminal text."
category = "dev"
optional = false
python-versions = "!=3.0.*,!=3.1.*,!=3.2.*,!=3.3.*,!=3.4.*,!=3.5.*,!=3.6.*,>=2.7"

[[package]]
name = "coverage"
version = "6.5.0"
description = "Code coverage measurement for Python"
category = "dev"
optional = false
python-versions = ">=3.7"

[package.dependencies]
tomli = {version = "*", optional = true, markers = "python_full_version <= \"3.11.0a6\" and extra == \"toml\""}

[package.extras]
toml = ["tomli"]

[[package]]
name = "deprecation"
version = "2.1.0"
description = "A library to handle automated deprecations"
category = "main"
optional = false
python-versions = "*"

[package.dependencies]
packaging = "*"

[[package]]
name = "dill"
version = "0.3.6"
description = "serialize all of python"
category = "dev"
optional = false
python-versions = ">=3.7"

[package.extras]
graph = ["objgraph (>=1.7.2)"]

[[package]]
name = "entrypoints"
version = "0.4"
description = "Discover and load entry points from installed packages."
category = "dev"
optional = false
python-versions = ">=3.6"

[[package]]
name = "exceptiongroup"
version = "1.0.1"
description = "Backport of PEP 654 (exception groups)"
category = "dev"
optional = false
python-versions = ">=3.7"

[package.extras]
test = ["pytest (>=6)"]

[[package]]
name = "flake8"
version = "4.0.1"
description = "the modular source code checker: pep8 pyflakes and co"
category = "dev"
optional = false
python-versions = ">=3.6"

[package.dependencies]
mccabe = ">=0.6.0,<0.7.0"
pycodestyle = ">=2.8.0,<2.9.0"
pyflakes = ">=2.4.0,<2.5.0"

[[package]]
name = "flake8-bandit"
version = "3.0.0"
description = "Automated security testing with bandit and flake8."
category = "dev"
optional = false
python-versions = ">=3.6"

[package.dependencies]
bandit = ">=1.7.3"
flake8 = "*"
flake8-polyfill = "*"
pycodestyle = "*"

[[package]]
name = "flake8-bugbear"
version = "22.10.27"
description = "A plugin for flake8 finding likely bugs and design problems in your program. Contains warnings that don't belong in pyflakes and pycodestyle."
category = "dev"
optional = false
python-versions = ">=3.7"

[package.dependencies]
attrs = ">=19.2.0"
flake8 = ">=3.0.0"

[package.extras]
dev = ["coverage", "hypothesis", "hypothesmith (>=0.2)", "pre-commit", "tox"]

[[package]]
name = "flake8-cognitive-complexity"
version = "0.1.0"
description = "An extension for flake8 that validates cognitive functions complexity"
category = "dev"
optional = false
python-versions = ">=3.6"

[package.dependencies]
cognitive_complexity = "*"
setuptools = "*"

[[package]]
name = "flake8-comprehensions"
version = "3.10.1"
description = "A flake8 plugin to help you write better list/set/dict comprehensions."
category = "dev"
optional = false
python-versions = ">=3.7"

[package.dependencies]
flake8 = ">=3.0,<3.2.0 || >3.2.0"

[[package]]
name = "flake8-polyfill"
version = "1.0.2"
description = "Polyfill package for Flake8 plugins"
category = "dev"
optional = false
python-versions = "*"

[package.dependencies]
flake8 = "*"

[[package]]
name = "flake8-quotes"
version = "3.3.1"
description = "Flake8 lint for quotes."
category = "dev"
optional = false
python-versions = "*"

[package.dependencies]
flake8 = "*"

[[package]]
name = "flake8-simplify"
version = "0.19.3"
description = "flake8 plugin which checks for code that can be simplified"
category = "dev"
optional = false
python-versions = ">=3.6.1"

[package.dependencies]
astor = ">=0.1"
flake8 = ">=3.7"

[[package]]
name = "flakeheaven"
version = "3.2.0"
description = "FlakeHeaven is a [Flake8](https://gitlab.com/pycqa/flake8) wrapper to make it cool."
category = "dev"
optional = false
python-versions = ">=3.7,<4.0"

[package.dependencies]
colorama = "*"
entrypoints = "*"
flake8 = ">=4.0.1,<5.0.0"
pygments = "*"
toml = "*"
urllib3 = "*"

[package.extras]
docs = ["alabaster", "myst-parser (>=0.18.0,<0.19.0)", "pygments-github-lexers", "sphinx"]

[[package]]
name = "freezegun"
version = "1.2.2"
description = "Let your Python tests travel through time"
category = "dev"
optional = false
python-versions = ">=3.6"

[package.dependencies]
python-dateutil = ">=2.7"

[[package]]
name = "gitdb"
version = "4.0.9"
description = "Git Object Database"
category = "dev"
optional = false
python-versions = ">=3.6"

[package.dependencies]
smmap = ">=3.0.1,<6"

[[package]]
name = "GitPython"
version = "3.1.29"
description = "GitPython is a python library used to interact with Git repositories"
category = "dev"
optional = false
python-versions = ">=3.7"

[package.dependencies]
gitdb = ">=4.0.1,<5"

[[package]]
name = "iniconfig"
version = "1.1.1"
description = "iniconfig: brain-dead simple config-ini parsing"
category = "dev"
optional = false
python-versions = "*"

[[package]]
name = "isort"
version = "5.10.1"
description = "A Python utility / library to sort Python imports."
category = "dev"
optional = false
python-versions = ">=3.6.1,<4.0"

[package.extras]
colors = ["colorama (>=0.4.3,<0.5.0)"]
pipfile_deprecated_finder = ["pipreqs", "requirementslib"]
plugins = ["setuptools"]
requirements_deprecated_finder = ["pip-api", "pipreqs"]

[[package]]
name = "lazy-object-proxy"
version = "1.8.0"
description = "A fast and thorough lazy object proxy."
category = "dev"
optional = false
python-versions = ">=3.7"

[[package]]
name = "mccabe"
version = "0.6.1"
description = "McCabe checker, plugin for flake8"
category = "dev"
optional = false
python-versions = "*"

[[package]]
name = "mypy-extensions"
version = "0.4.3"
description = "Experimental type system extensions for programs checked with the mypy typechecker."
category = "dev"
optional = false
python-versions = "*"

[[package]]
name = "packaging"
version = "21.3"
description = "Core utilities for Python packages"
category = "main"
optional = false
python-versions = ">=3.6"

[package.dependencies]
pyparsing = ">=2.0.2,<3.0.5 || >3.0.5"

[[package]]
name = "pathspec"
version = "0.10.1"
description = "Utility library for gitignore style pattern matching of file paths."
category = "dev"
optional = false
python-versions = ">=3.7"

[[package]]
name = "pbr"
version = "5.11.0"
description = "Python Build Reasonableness"
category = "dev"
optional = false
python-versions = ">=2.6"

[[package]]
name = "platformdirs"
version = "2.5.2"
description = "A small Python module for determining appropriate platform-specific dirs, e.g. a \"user data dir\"."
category = "dev"
optional = false
python-versions = ">=3.7"

[package.extras]
docs = ["furo (>=2021.7.5b38)", "proselint (>=0.10.2)", "sphinx (>=4)", "sphinx-autodoc-typehints (>=1.12)"]
test = ["appdirs (==1.4.4)", "pytest (>=6)", "pytest-cov (>=2.7)", "pytest-mock (>=3.6)"]

[[package]]
name = "pluggy"
version = "1.0.0"
description = "plugin and hook calling mechanisms for python"
category = "dev"
optional = false
python-versions = ">=3.6"

[package.extras]
dev = ["pre-commit", "tox"]
testing = ["pytest", "pytest-benchmark"]

[[package]]
name = "pycodestyle"
version = "2.8.0"
description = "Python style guide checker"
category = "dev"
optional = false
python-versions = ">=2.7, !=3.0.*, !=3.1.*, !=3.2.*, !=3.3.*, !=3.4.*"

[[package]]
name = "pyflakes"
version = "2.4.0"
description = "passive checker of Python programs"
category = "dev"
optional = false
python-versions = ">=2.7, !=3.0.*, !=3.1.*, !=3.2.*, !=3.3.*"

[[package]]
name = "Pygments"
version = "2.13.0"
description = "Pygments is a syntax highlighting package written in Python."
category = "dev"
optional = false
python-versions = ">=3.6"

[package.extras]
plugins = ["importlib-metadata"]

[[package]]
name = "pylint"
version = "2.15.5"
description = "python code static checker"
category = "dev"
optional = false
python-versions = ">=3.7.2"

[package.dependencies]
astroid = ">=2.12.12,<=2.14.0-dev0"
colorama = {version = ">=0.4.5", markers = "sys_platform == \"win32\""}
dill = ">=0.2"
isort = ">=4.2.5,<6"
mccabe = ">=0.6,<0.8"
platformdirs = ">=2.2.0"
tomli = {version = ">=1.1.0", markers = "python_version < \"3.11\""}
tomlkit = ">=0.10.1"

[package.extras]
spelling = ["pyenchant (>=3.2,<4.0)"]
testutils = ["gitpython (>3)"]

[[package]]
name = "pyparsing"
version = "3.0.9"
description = "pyparsing module - Classes and methods to define and execute parsing grammars"
category = "main"
optional = false
python-versions = ">=3.6.8"

[package.extras]
diagrams = ["jinja2", "railroad-diagrams"]

[[package]]
name = "pytest"
version = "7.2.0"
description = "pytest: simple powerful testing with Python"
category = "dev"
optional = false
python-versions = ">=3.7"

[package.dependencies]
attrs = ">=19.2.0"
colorama = {version = "*", markers = "sys_platform == \"win32\""}
exceptiongroup = {version = ">=1.0.0rc8", markers = "python_version < \"3.11\""}
iniconfig = "*"
packaging = "*"
pluggy = ">=0.12,<2.0"
tomli = {version = ">=1.0.0", markers = "python_version < \"3.11\""}

[package.extras]
testing = ["argcomplete", "hypothesis (>=3.56)", "mock", "nose", "pygments (>=2.7.2)", "requests", "xmlschema"]

[[package]]
name = "pytest-cov"
version = "3.0.0"
description = "Pytest plugin for measuring coverage."
category = "dev"
optional = false
python-versions = ">=3.6"

[package.dependencies]
coverage = {version = ">=5.2.1", extras = ["toml"]}
pytest = ">=4.6"

[package.extras]
testing = ["fields", "hunter", "process-tests", "pytest-xdist", "six", "virtualenv"]

[[package]]
name = "python-dateutil"
version = "2.8.2"
description = "Extensions to the standard Python datetime module"
category = "main"
optional = false
python-versions = "!=3.0.*,!=3.1.*,!=3.2.*,>=2.7"

[package.dependencies]
six = ">=1.5"

[[package]]
name = "PyYAML"
version = "6.0"
description = "YAML parser and emitter for Python"
category = "dev"
optional = false
python-versions = ">=3.6"

[[package]]
name = "setuptools"
version = "65.5.0"
description = "Easily download, build, install, upgrade, and uninstall Python packages"
category = "dev"
optional = false
python-versions = ">=3.7"

[package.extras]
docs = ["furo", "jaraco.packaging (>=9)", "jaraco.tidelift (>=1.4)", "pygments-github-lexers (==0.0.5)", "rst.linker (>=1.9)", "sphinx (>=3.5)", "sphinx-favicon", "sphinx-hoverxref (<2)", "sphinx-inline-tabs", "sphinx-notfound-page (==0.8.3)", "sphinx-reredirects", "sphinxcontrib-towncrier"]
testing = ["build[virtualenv]", "filelock (>=3.4.0)", "flake8 (<5)", "flake8-2020", "ini2toml[lite] (>=0.9)", "jaraco.envs (>=2.2)", "jaraco.path (>=3.2.0)", "mock", "pip (>=19.1)", "pip-run (>=8.8)", "pytest (>=6)", "pytest-black (>=0.3.7)", "pytest-checkdocs (>=2.4)", "pytest-cov", "pytest-enabler (>=1.3)", "pytest-flake8", "pytest-mypy (>=0.9.1)", "pytest-perf", "pytest-xdist", "tomli-w (>=1.0.0)", "virtualenv (>=13.0.0)", "wheel"]
testing-integration = ["build[virtualenv]", "filelock (>=3.4.0)", "jaraco.envs (>=2.2)", "jaraco.path (>=3.2.0)", "pytest", "pytest-enabler", "pytest-xdist", "tomli", "virtualenv (>=13.0.0)", "wheel"]

[[package]]
name = "six"
version = "1.16.0"
description = "Python 2 and 3 compatibility utilities"
category = "main"
optional = false
python-versions = ">=2.7, !=3.0.*, !=3.1.*, !=3.2.*"

[[package]]
name = "smmap"
version = "5.0.0"
description = "A pure Python implementation of a sliding window memory map manager"
category = "dev"
optional = false
python-versions = ">=3.6"

[[package]]
name = "stevedore"
version = "4.1.0"
description = "Manage dynamic plugins for Python applications"
category = "dev"
optional = false
python-versions = ">=3.8"

[package.dependencies]
pbr = ">=2.0.0,<2.1.0 || >2.1.0"

[[package]]
name = "toml"
version = "0.10.2"
description = "Python Library for Tom's Obvious, Minimal Language"
category = "dev"
optional = false
python-versions = ">=2.6, !=3.0.*, !=3.1.*, !=3.2.*"

[[package]]
name = "tomli"
version = "2.0.1"
description = "A lil' TOML parser"
category = "dev"
optional = false
python-versions = ">=3.7"

[[package]]
name = "tomlkit"
version = "0.11.6"
description = "Style preserving TOML library"
category = "dev"
optional = false
python-versions = ">=3.6"

[[package]]
name = "urllib3"
version = "1.26.12"
description = "HTTP library with thread-safe connection pooling, file post, and more."
category = "dev"
optional = false
python-versions = ">=2.7, !=3.0.*, !=3.1.*, !=3.2.*, !=3.3.*, !=3.4.*, !=3.5.*, <4"

[package.extras]
brotli = ["brotli (>=1.0.9)", "brotlicffi (>=0.8.0)", "brotlipy (>=0.6.0)"]
secure = ["certifi", "cryptography (>=1.3.4)", "idna (>=2.0.0)", "ipaddress", "pyOpenSSL (>=0.14)", "urllib3-secure-extra"]
socks = ["PySocks (>=1.5.6,!=1.5.7,<2.0)"]

[[package]]
name = "wrapt"
version = "1.14.1"
description = "Module for decorators, wrappers and monkey patching."
category = "dev"
optional = false
python-versions = "!=3.0.*,!=3.1.*,!=3.2.*,!=3.3.*,!=3.4.*,>=2.7"

[metadata]
lock-version = "1.1"
python-versions = "^3.10"
content-hash = "1acc64e5ec29998e73fbc983c50f7fea2ea247fa775f12add1414affbc6e9eb8"

[metadata.files]
astor = [
    {file = "astor-0.8.1-py2.py3-none-any.whl", hash = "<insert-SHA256>"},
    {file = "astor-0.8.1.tar.gz", hash = "<insert-SHA256>"},
]
astroid = [
    {file = "astroid-2.12.12-py3-none-any.whl", hash = "<insert-SHA256>"},
    {file = "astroid-2.12.12.tar.gz", hash = "<insert-SHA256>"},
]
attrs = [
    {file = "attrs-22.1.0-py2.py3-none-any.whl", hash = "<insert-SHA256>"},
    {file = "attrs-22.1.0.tar.gz", hash = "<insert-SHA256>"},
]
bandit = [
    {file = "bandit-1.7.4-py3-none-any.whl", hash = "<insert-SHA256>"},
    {file = "bandit-1.7.4.tar.gz", hash = "<insert-SHA256>"},
]
black = [
    {file = "black-22.10.0-1fixedarch-cp310-cp310-macosx_11_0_x86_64.whl", hash = "<insert-SHA256>"},
    {file = "black-22.10.0-1fixedarch-cp311-cp311-macosx_11_0_x86_64.whl", hash = "<insert-SHA256>"},
    {file = "black-22.10.0-1fixedarch-cp37-cp37m-macosx_10_16_x86_64.whl", hash = "<insert-SHA256>"},
    {file = "black-22.10.0-1fixedarch-cp38-cp38-macosx_10_16_x86_64.whl", hash = "<insert-SHA256>"},
    {file = "black-22.10.0-1fixedarch-cp39-cp39-macosx_11_0_x86_64.whl", hash = "<insert-SHA256>"},
    {file = "black-22.10.0-cp310-cp310-macosx_11_0_arm64.whl", hash = "<insert-SHA256>"},
    {file = "black-22.10.0-cp310-cp310-manylinux_2_17_x86_64.manylinux2014_x86_64.whl", hash = "<insert-SHA256>"},
    {file = "black-22.10.0-cp310-cp310-win_amd64.whl", hash = "<insert-SHA256>"},
    {file = "black-22.10.0-cp311-cp311-macosx_11_0_arm64.whl", hash = "<insert-SHA256>"},
    {file = "black-22.10.0-cp311-cp311-manylinux_2_17_x86_64.manylinux2014_x86_64.whl", hash = "<insert-SHA256>"},
    {file = "black-22.10.0-cp311-cp311-win_amd64.whl", hash = "<insert-SHA256>"},
    {file = "black-22.10.0-cp37-cp37m-manylinux_2_17_x86_64.manylinux2014_x86_64.whl", hash = "<insert-SHA256>"},
    {file = "black-22.10.0-cp37-cp37m-win_amd64.whl", hash = "<insert-SHA256>"},
    {file = "black-22.10.0-cp38-cp38-macosx_11_0_arm64.whl", hash = "<insert-SHA256>"},
    {file = "black-22.10.0-cp38-cp38-manylinux_2_17_x86_64.manylinux2014_x86_64.whl", hash = "<insert-SHA256>"},
    {file = "black-22.10.0-cp38-cp38-win_amd64.whl", hash = "<insert-SHA256>"},
    {file = "black-22.10.0-cp39-cp39-macosx_11_0_arm64.whl", hash = "<insert-SHA256>"},
    {file = "black-22.10.0-cp39-cp39-manylinux_2_17_x86_64.manylinux2014_x86_64.whl", hash = "<insert-SHA256>"},
    {file = "black-22.10.0-cp39-cp39-win_amd64.whl", hash = "<insert-SHA256>"},
    {file = "black-22.10.0-py3-none-any.whl", hash = "<insert-SHA256>"},
    {file = "black-22.10.0.tar.gz", hash = "<insert-SHA256>"},
]
click = [
    {file = "click-8.1.3-py3-none-any.whl", hash = "<insert-SHA256>"},
    {file = "click-8.1.3.tar.gz", hash = "<insert-SHA256>"},
]
cloudevents = [
    {file = "cloudevents-1.6.2-py3-none-any.whl", hash = "<insert-SHA256>"},
    {file = "cloudevents-1.6.2.tar.gz", hash = "<insert-SHA256>"},
]
cognitive-complexity = [
    {file = "cognitive_complexity-1.3.0.tar.gz", hash = "<insert-SHA256>"},
]
colorama = [
    {file = "colorama-0.4.6-py2.py3-none-any.whl", hash = "<insert-SHA256>"},
    {file = "colorama-0.4.6.tar.gz", hash = "<insert-SHA256>"},
]
coverage = [
    {file = "coverage-6.5.0-cp310-cp310-macosx_10_9_x86_64.whl", hash = "<insert-SHA256>"},
    {file = "coverage-6.5.0-cp310-cp310-macosx_11_0_arm64.whl", hash = "<insert-SHA256>"},
    {file = "coverage-6.5.0-cp310-cp310-manylinux_2_17_aarch64.manylinux2014_aarch64.whl", hash = "<insert-SHA256>"},
    {file = "coverage-6.5.0-cp310-cp310-manylinux_2_5_i686.manylinux1_i686.manylinux_2_17_i686.manylinux2014_i686.whl", hash = "<insert-SHA256>"},
    {file = "coverage-6.5.0-cp310-cp310-manylinux_2_5_x86_64.manylinux1_x86_64.manylinux_2_17_x86_64.manylinux2014_x86_64.whl", hash = "<insert-SHA256>"},
    {file = "coverage-6.5.0-cp310-cp310-musllinux_1_1_aarch64.whl", hash = "<insert-SHA256>"},
    {file = "coverage-6.5.0-cp310-cp310-musllinux_1_1_i686.whl", hash = "<insert-SHA256>"},
    {file = "coverage-6.5.0-cp310-cp310-musllinux_1_1_x86_64.whl", hash = "<insert-SHA256>"},
    {file = "coverage-6.5.0-cp310-cp310-win32.whl", hash = "<insert-SHA256>"},
    {file = "coverage-6.5.0-cp310-cp310-win_amd64.whl", hash = "<insert-SHA256>"},
    {file = "coverage-6.5.0-cp311-cp311-macosx_10_9_x86_64.whl", hash = "<insert-SHA256>"},
    {file = "coverage-6.5.0-cp311-cp311-manylinux_2_17_aarch64.manylinux2014_aarch64.whl", hash = "<insert-SHA256>"},
    {file = "coverage-6.5.0-cp311-cp311-manylinux_2_5_i686.manylinux1_i686.manylinux_2_17_i686.manylinux2014_i686.whl", hash = "<insert-SHA256>"},
    {file = "coverage-6.5.0-cp311-cp311-manylinux_2_5_x86_64.manylinux1_x86_64.manylinux_2_17_x86_64.manylinux2014_x86_64.whl", hash = "<insert-SHA256>"},
    {file = "coverage-6.5.0-cp311-cp311-musllinux_1_1_aarch64.whl", hash = "<insert-SHA256>"},
    {file = "coverage-6.5.0-cp311-cp311-musllinux_1_1_i686.whl", hash = "<insert-SHA256>"},
    {file = "coverage-6.5.0-cp311-cp311-musllinux_1_1_x86_64.whl", hash = "<insert-SHA256>"},
    {file = "coverage-6.5.0-cp311-cp311-win32.whl", hash = "<insert-SHA256>"},
    {file = "coverage-6.5.0-cp311-cp311-win_amd64.whl", hash = "<insert-SHA256>"},
    {file = "coverage-6.5.0-cp37-cp37m-macosx_10_9_x86_64.whl", hash = "<insert-SHA256>"},
    {file = "coverage-6.5.0-cp37-cp37m-manylinux_2_17_aarch64.manylinux2014_aarch64.whl", hash = "<insert-SHA256>"},
    {file = "coverage-6.5.0-cp37-cp37m-manylinux_2_5_i686.manylinux1_i686.manylinux_2_17_i686.manylinux2014_i686.whl", hash = "<insert-SHA256>"},
    {file = "coverage-6.5.0-cp37-cp37m-manylinux_2_5_x86_64.manylinux1_x86_64.manylinux_2_17_x86_64.manylinux2014_x86_64.whl", hash = "<insert-SHA256>"},
    {file = "coverage-6.5.0-cp37-cp37m-musllinux_1_1_aarch64.whl", hash = "<insert-SHA256>"},
    {file = "coverage-6.5.0-cp37-cp37m-musllinux_1_1_i686.whl", hash = "<insert-SHA256>"},
    {file = "coverage-6.5.0-cp37-cp37m-musllinux_1_1_x86_64.whl", hash = "<insert-SHA256>"},
    {file = "coverage-6.5.0-cp37-cp37m-win32.whl", hash = "<insert-SHA256>"},
    {file = "coverage-6.5.0-cp37-cp37m-win_amd64.whl", hash = "<insert-SHA256>"},
    {file = "coverage-6.5.0-cp38-cp38-macosx_10_9_x86_64.whl", hash = "<insert-SHA256>"},
    {file = "coverage-6.5.0-cp38-cp38-macosx_11_0_arm64.whl", hash = "<insert-SHA256>"},
    {file = "coverage-6.5.0-cp38-cp38-manylinux_2_17_aarch64.manylinux2014_aarch64.whl", hash = "<insert-SHA256>"},
    {file = "coverage-6.5.0-cp38-cp38-manylinux_2_5_i686.manylinux1_i686.manylinux_2_17_i686.manylinux2014_i686.whl", hash = "<insert-SHA256>"},
    {file = "coverage-6.5.0-cp38-cp38-manylinux_2_5_x86_64.manylinux1_x86_64.manylinux_2_17_x86_64.manylinux2014_x86_64.whl", hash = "<insert-SHA256>"},
    {file = "coverage-6.5.0-cp38-cp38-musllinux_1_1_aarch64.whl", hash = "<insert-SHA256>"},
    {file = "coverage-6.5.0-cp38-cp38-musllinux_1_1_i686.whl", hash = "<insert-SHA256>"},
    {file = "coverage-6.5.0-cp38-cp38-musllinux_1_1_x86_64.whl", hash = "<insert-SHA256>"},
    {file = "coverage-6.5.0-cp38-cp38-win32.whl", hash = "<insert-SHA256>"},
    {file = "coverage-6.5.0-cp38-cp38-win_amd64.whl", hash = "<insert-SHA256>"},
    {file = "coverage-6.5.0-cp39-cp39-macosx_10_9_x86_64.whl", hash = "<insert-SHA256>"},
    {file = "coverage-6.5.0-cp39-cp39-macosx_11_0_arm64.whl", hash = "<insert-SHA256>"},
    {file = "coverage-6.5.0-cp39-cp39-manylinux_2_17_aarch64.manylinux2014_aarch64.whl", hash = "<insert-SHA256>"},
    {file = "coverage-6.5.0-cp39-cp39-manylinux_2_5_i686.manylinux1_i686.manylinux_2_17_i686.manylinux2014_i686.whl", hash = "<insert-SHA256>"},
    {file = "coverage-6.5.0-cp39-cp39-manylinux_2_5_x86_64.manylinux1_x86_64.manylinux_2_17_x86_64.manylinux2014_x86_64.whl", hash = "<insert-SHA256>"},
    {file = "coverage-6.5.0-cp39-cp39-musllinux_1_1_aarch64.whl", hash = "<insert-SHA256>"},
    {file = "coverage-6.5.0-cp39-cp39-musllinux_1_1_i686.whl", hash = "<insert-SHA256>"},
    {file = "coverage-6.5.0-cp39-cp39-musllinux_1_1_x86_64.whl", hash = "<insert-SHA256>"},
    {file = "coverage-6.5.0-cp39-cp39-win32.whl", hash = "<insert-SHA256>"},
    {file = "coverage-6.5.0-cp39-cp39-win_amd64.whl", hash = "<insert-SHA256>"},
    {file = "coverage-6.5.0-pp36.pp37.pp38-none-any.whl", hash = "<insert-SHA256>"},
    {file = "coverage-6.5.0.tar.gz", hash = "<insert-SHA256>"},
]
deprecation = [
    {file = "deprecation-2.1.0-py2.py3-none-any.whl", hash = "<insert-SHA256>"},
    {file = "deprecation-2.1.0.tar.gz", hash = "<insert-SHA256>"},
]
dill = [
    {file = "dill-0.3.6-py3-none-any.whl", hash = "<insert-SHA256>"},
    {file = "dill-0.3.6.tar.gz", hash = "<insert-SHA256>"},
]
entrypoints = [
    {file = "entrypoints-0.4-py3-none-any.whl", hash = "<insert-SHA256>"},
    {file = "entrypoints-0.4.tar.gz", hash = "<insert-SHA256>"},
]
exceptiongroup = [
    {file = "exceptiongroup-1.0.1-py3-none-any.whl", hash = "<insert-SHA256>"},
    {file = "exceptiongroup-1.0.1.tar.gz", hash = "<insert-SHA256>"},
]
flake8 = [
    {file = "flake8-4.0.1-py2.py3-none-any.whl", hash = "<insert-SHA256>"},
    {file = "flake8-4.0.1.tar.gz", hash = "<insert-SHA256>"},
]
flake8-bandit = [
    {file = "flake8_bandit-3.0.0-py2.py3-none-any.whl", hash = "<insert-SHA256>"},
    {file = "flake8_bandit-3.0.0.tar.gz", hash = "<insert-SHA256>"},
]
flake8-bugbear = [
    {file = "flake8-bugbear-22.10.27.tar.gz", hash = "<insert-SHA256>"},
    {file = "flake8_bugbear-22.10.27-py3-none-any.whl", hash = "<insert-SHA256>"},
]
flake8-cognitive-complexity = [
    {file = "flake8_cognitive_complexity-0.1.0.tar.gz", hash = "<insert-SHA256>"},
]
flake8-comprehensions = [
    {file = "flake8-comprehensions-3.10.1.tar.gz", hash = "<insert-SHA256>"},
    {file = "flake8_comprehensions-3.10.1-py3-none-any.whl", hash = "<insert-SHA256>"},
]
flake8-polyfill = [
    {file = "flake8-polyfill-1.0.2.tar.gz", hash = "<insert-SHA256>"},
    {file = "flake8_polyfill-1.0.2-py2.py3-none-any.whl", hash = "<insert-SHA256>"},
]
flake8-quotes = [
    {file = "flake8-quotes-3.3.1.tar.gz", hash = "<insert-SHA256>"},
]
flake8-simplify = [
    {file = "flake8_simplify-0.19.3-py3-none-any.whl", hash = "<insert-SHA256>"},
    {file = "flake8_simplify-0.19.3.tar.gz", hash = "<insert-SHA256>"},
]
flakeheaven = [
    {file = "flakeheaven-3.2.0-py3-none-any.whl", hash = "<insert-SHA256>"},
    {file = "flakeheaven-3.2.0.tar.gz", hash = "<insert-SHA256>"},
]
freezegun = [
    {file = "freezegun-1.2.2-py3-none-any.whl", hash = "<insert-SHA256>"},
    {file = "freezegun-1.2.2.tar.gz", hash = "<insert-SHA256>"},
]
gitdb = [
    {file = "gitdb-4.0.9-py3-none-any.whl", hash = "<insert-SHA256>"},
    {file = "gitdb-4.0.9.tar.gz", hash = "<insert-SHA256>"},
]
GitPython = [
    {file = "GitPython-3.1.29-py3-none-any.whl", hash = "<insert-SHA256>"},
    {file = "GitPython-3.1.29.tar.gz", hash = "<insert-SHA256>"},
]
iniconfig = [
    {file = "iniconfig-1.1.1-py2.py3-none-any.whl", hash = "<insert-SHA256>"},
    {file = "iniconfig-1.1.1.tar.gz", hash = "<insert-SHA256>"},
]
isort = [
    {file = "isort-5.10.1-py3-none-any.whl", hash = "<insert-SHA256>"},
    {file = "isort-5.10.1.tar.gz", hash = "<insert-SHA256>"},
]
lazy-object-proxy = [
    {file = "lazy-object-proxy-1.8.0.tar.gz", hash = "<insert-SHA256>"},
    {file = "lazy_object_proxy-1.8.0-cp310-cp310-macosx_10_9_x86_64.whl", hash = "<insert-SHA256>"},
    {file = "lazy_object_proxy-1.8.0-cp310-cp310-win32.whl", hash = "<insert-SHA256>"},
    {file = "lazy_object_proxy-1.8.0-cp310-cp310-win_amd64.whl", hash = "<insert-SHA256>"},
    {file = "lazy_object_proxy-1.8.0-cp311-cp311-macosx_10_9_x86_64.whl", hash = "<insert-SHA256>"},
    {file = "lazy_object_proxy-1.8.0-cp311-cp311-win32.whl", hash = "<insert-SHA256>"},
    {file = "lazy_object_proxy-1.8.0-cp311-cp311-win_amd64.whl", hash = "<insert-SHA256>"},
    {file = "lazy_object_proxy-1.8.0-cp37-cp37m-macosx_10_9_x86_64.whl", hash = "<insert-SHA256>"},
    {file = "lazy_object_proxy-1.8.0-cp37-cp37m-win32.whl", hash = "<insert-SHA256>"},
    {file = "lazy_object_proxy-1.8.0-cp37-cp37m-win_amd64.whl", hash = "<insert-SHA256>"},
    {file = "lazy_object_proxy-1.8.0-cp38-cp38-macosx_10_9_x86_64.whl", hash = "<insert-SHA256>"},
    {file = "lazy_object_proxy-1.8.0-cp38-cp38-win32.whl", hash = "<insert-SHA256>"},
    {file = "lazy_object_proxy-1.8.0-cp38-cp38-win_amd64.whl", hash = "<insert-SHA256>"},
    {file = "lazy_object_proxy-1.8.0-cp39-cp39-macosx_10_9_x86_64.whl", hash = "<insert-SHA256>"},
    {file = "lazy_object_proxy-1.8.0-cp39-cp39-win32.whl", hash = "<insert-SHA256>"},
    {file = "lazy_object_proxy-1.8.0-cp39-cp39-win_amd64.whl", hash = "<insert-SHA256>"},
    {file = "lazy_object_proxy-1.8.0-pp37-pypy37_pp73-any.whl", hash = "<insert-SHA256>"},
    {file = "lazy_object_proxy-1.8.0-pp38-pypy38_pp73-any.whl", hash = "<insert-SHA256>"},
    {file = "lazy_object_proxy-1.8.0-pp39-pypy39_pp73-any.whl", hash = "<insert-SHA256>"},
]
mccabe = [
    {file = "mccabe-0.6.1-py2.py3-none-any.whl", hash = "<insert-SHA256>"},
    {file = "mccabe-0.6.1.tar.gz", hash = "<insert-SHA256>"},
]
mypy-extensions = [
    {file = "mypy_extensions-0.4.3-py2.py3-none-any.whl", hash = "<insert-SHA256>"},
    {file = "mypy_extensions-0.4.3.tar.gz", hash = "<insert-SHA256>"},
]
packaging = [
    {file = "packaging-21.3-py3-none-any.whl", hash = "<insert-SHA256>"},
    {file = "packaging-21.3.tar.gz", hash = "<insert-SHA256>"},
]
pathspec = [
    {file = "pathspec-0.10.1-py3-none-any.whl", hash = "<insert-SHA256>"},
    {file = "pathspec-0.10.1.tar.gz", hash = "<insert-SHA256>"},
]
pbr = [
    {file = "pbr-5.11.0-py2.py3-none-any.whl", hash = "<insert-SHA256>"},
    {file = "pbr-5.11.0.tar.gz", hash = "<insert-SHA256>"},
]
platformdirs = [
    {file = "platformdirs-2.5.2-py3-none-any.whl", hash = "<insert-SHA256>"},
    {file = "platformdirs-2.5.2.tar.gz", hash = "<insert-SHA256>"},
]
pluggy = [
    {file = "pluggy-1.0.0-py2.py3-none-any.whl", hash = "<insert-SHA256>"},
    {file = "pluggy-1.0.0.tar.gz", hash = "<insert-SHA256>"},
]
pycodestyle = [
    {file = "pycodestyle-2.8.0-py2.py3-none-any.whl", hash = "<insert-SHA256>"},
    {file = "pycodestyle-2.8.0.tar.gz", hash = "<insert-SHA256>"},
]
pyflakes = [
    {file = "pyflakes-2.4.0-py2.py3-none-any.whl", hash = "<insert-SHA256>"},
    {file = "pyflakes-2.4.0.tar.gz", hash = "<insert-SHA256>"},
]
Pygments = [
    {file = "Pygments-2.13.0-py3-none-any.whl", hash = "<insert-SHA256>"},
    {file = "Pygments-2.13.0.tar.gz", hash = "<insert-SHA256>"},
]
pylint = [
    {file = "pylint-2.15.5-py3-none-any.whl", hash = "<insert-SHA256>"},
    {file = "pylint-2.15.5.tar.gz", hash = "<insert-SHA256>"},
]
pyparsing = [
    {file = "pyparsing-3.0.9-py3-none-any.whl", hash = "<insert-SHA256>"},
    {file = "pyparsing-3.0.9.tar.gz", hash = "<insert-SHA256>"},
]
pytest = [
    {file = "pytest-7.2.0-py3-none-any.whl", hash = "<insert-SHA256>"},
    {file = "pytest-7.2.0.tar.gz", hash = "<insert-SHA256>"},
]
pytest-cov = [
    {file = "pytest-cov-3.0.0.tar.gz", hash = "<insert-SHA256>"},
    {file = "pytest_cov-3.0.0-py3-none-any.whl", hash = "<insert-SHA256>"},
]
python-dateutil = [
    {file = "python-dateutil-2.8.2.tar.gz", hash = "<insert-SHA256>"},
    {file = "python_dateutil-2.8.2-py2.py3-none-any.whl", hash = "<insert-SHA256>"},
]
PyYAML = [
    {file = "PyYAML-6.0-cp310-cp310-macosx_10_9_x86_64.whl", hash = "<insert-SHA256>"},
    {file = "PyYAML-6.0-cp310-cp310-macosx_11_0_arm64.whl", hash = "<insert-SHA256>"},
    {file = "PyYAML-6.0-cp310-cp310-manylinux_2_17_aarch64.manylinux2014_aarch64.whl", hash = "<insert-SHA256>"},
    {file = "PyYAML-6.0-cp310-cp310-manylinux_2_17_s390x.manylinux2014_s390x.whl", hash = "<insert-SHA256>"},
    {file = "PyYAML-6.0-cp310-cp310-manylinux_2_5_x86_64.manylinux1_x86_64.manylinux_2_12_x86_64.manylinux2010_x86_64.whl", hash = "<insert-SHA256>"},
    {file = "PyYAML-6.0-cp310-cp310-win32.whl", hash = "<insert-SHA256>"},
    {file = "PyYAML-6.0-cp310-cp310-win_amd64.whl", hash = "<insert-SHA256>"},
    {file = "PyYAML-6.0-cp311-cp311-macosx_10_9_x86_64.whl", hash = "<insert-SHA256>"},
    {file = "PyYAML-6.0-cp311-cp311-macosx_11_0_arm64.whl", hash = "<insert-SHA256>"},
    {file = "PyYAML-6.0-cp311-cp311-manylinux_2_17_aarch64.manylinux2014_aarch64.whl", hash = "<insert-SHA256>"},
    {file = "PyYAML-6.0-cp311-cp311-manylinux_2_17_s390x.manylinux2014_s390x.whl", hash = "<insert-SHA256>"},
    {file = "PyYAML-6.0-cp311-cp311-manylinux_2_17_x86_64.manylinux2014_x86_64.whl", hash = "<insert-SHA256>"},
    {file = "PyYAML-6.0-cp311-cp311-win32.whl", hash = "<insert-SHA256>"},
    {file = "PyYAML-6.0-cp311-cp311-win_amd64.whl", hash = "<insert-SHA256>"},
    {file = "PyYAML-6.0-cp36-cp36m-macosx_10_9_x86_64.whl", hash = "<insert-SHA256>"},
    {file = "PyYAML-6.0-cp36-cp36m-manylinux_2_17_aarch64.manylinux2014_aarch64.whl", hash = "<insert-SHA256>"},
    {file = "PyYAML-6.0-cp36-cp36m-manylinux_2_17_s390x.manylinux2014_s390x.whl", hash = "<insert-SHA256>"},
    {file = "PyYAML-6.0-cp36-cp36m-manylinux_2_5_x86_64.manylinux1_x86_64.manylinux_2_12_x86_64.manylinux2010_x86_64.whl", hash = "<insert-SHA256>"},
    {file = "PyYAML-6.0-cp36-cp36m-win32.whl", hash = "<insert-SHA256>"},
    {file = "PyYAML-6.0-cp36-cp36m-win_amd64.whl", hash = "<insert-SHA256>"},
    {file = "PyYAML-6.0-cp37-cp37m-macosx_10_9_x86_64.whl", hash = "<insert-SHA256>"},
    {file = "PyYAML-6.0-cp37-cp37m-manylinux_2_17_aarch64.manylinux2014_aarch64.whl", hash = "<insert-SHA256>"},
    {file = "PyYAML-6.0-cp37-cp37m-manylinux_2_17_s390x.manylinux2014_s390x.whl", hash = "<insert-SHA256>"},
    {file = "PyYAML-6.0-cp37-cp37m-manylinux_2_5_x86_64.manylinux1_x86_64.manylinux_2_12_x86_64.manylinux2010_x86_64.whl", hash = "<insert-SHA256>"},
    {file = "PyYAML-6.0-cp37-cp37m-win32.whl", hash = "<insert-SHA256>"},
    {file = "PyYAML-6.0-cp37-cp37m-win_amd64.whl", hash = "<insert-SHA256>"},
    {file = "PyYAML-6.0-cp38-cp38-macosx_10_9_x86_64.whl", hash = "<insert-SHA256>"},
    {file = "PyYAML-6.0-cp38-cp38-manylinux_2_17_aarch64.manylinux2014_aarch64.whl", hash = "<insert-SHA256>"},
    {file = "PyYAML-6.0-cp38-cp38-manylinux_2_17_s390x.manylinux2014_s390x.whl", hash = "<insert-SHA256>"},
    {file = "PyYAML-6.0-cp38-cp38-manylinux_2_5_x86_64.manylinux1_x86_64.manylinux_2_12_x86_64.manylinux2010_x86_64.whl", hash = "<insert-SHA256>"},
    {file = "PyYAML-6.0-cp38-cp38-win32.whl", hash = "<insert-SHA256>"},
    {file = "PyYAML-6.0-cp38-cp38-win_amd64.whl", hash = "<insert-SHA256>"},
    {file = "PyYAML-6.0-cp39-cp39-macosx_10_9_x86_64.whl", hash = "<insert-SHA256>"},
    {file = "PyYAML-6.0-cp39-cp39-macosx_11_0_arm64.whl", hash = "<insert-SHA256>"},
    {file = "PyYAML-6.0-cp39-cp39-manylinux_2_17_aarch64.manylinux2014_aarch64.whl", hash = "<insert-SHA256>"},
    {file = "PyYAML-6.0-cp39-cp39-manylinux_2_17_s390x.manylinux2014_s390x.whl", hash = "<insert-SHA256>"},
    {file = "PyYAML-6.0-cp39-cp39-manylinux_2_5_x86_64.manylinux1_x86_64.manylinux_2_12_x86_64.manylinux2010_x86_64.whl", hash = "<insert-SHA256>"},
    {file = "PyYAML-6.0-cp39-cp39-win32.whl", hash = "<insert-SHA256>"},
    {file = "PyYAML-6.0-cp39-cp39-win_amd64.whl", hash = "<insert-SHA256>"},
    {file = "PyYAML-6.0.tar.gz", hash = "<insert-SHA256>"},
]
setuptools = [
    {file = "setuptools-65.5.0-py3-none-any.whl", hash = "<insert-SHA256>"},
    {file = "setuptools-65.5.0.tar.gz", hash = "<insert-SHA256>"},
]
six = [
    {file = "six-1.16.0-py2.py3-none-any.whl", hash = "<insert-SHA256>"},
    {file = "six-1.16.0.tar.gz", hash = "<insert-SHA256>"},
]
smmap = [
    {file = "smmap-5.0.0-py3-none-any.whl", hash = "<insert-SHA256>"},
    {file = "smmap-5.0.0.tar.gz", hash = "<insert-SHA256>"},
]
stevedore = [
    {file = "stevedore-4.1.0-py3-none-any.whl", hash = "<insert-SHA256>"},
    {file = "stevedore-4.1.0.tar.gz", hash = "<insert-SHA256>"},
]
toml = [
    {file = "toml-0.10.2-py2.py3-none-any.whl", hash = "<insert-SHA256>"},
    {file = "toml-0.10.2.tar.gz", hash = "<insert-SHA256>"},
]
tomli = [
    {file = "tomli-2.0.1-py3-none-any.whl", hash = "<insert-SHA256>"},
    {file = "tomli-2.0.1.tar.gz", hash = "<insert-SHA256>"},
]
tomlkit = [
    {file = "tomlkit-0.11.6-py3-none-any.whl", hash = "<insert-SHA256>"},
    {file = "tomlkit-0.11.6.tar.gz", hash = "<insert-SHA256>"},
]
urllib3 = [
    {file = "urllib3-1.26.12-py2.py3-none-any.whl", hash = "<insert-SHA256>"},
    {file = "urllib3-1.26.12.tar.gz", hash = "<insert-SHA256>"},
]
wrapt = [
    {file = "wrapt-1.14.1-cp27-cp27m-macosx_10_9_x86_64.whl", hash = "<insert-SHA256>"},
    {file = "wrapt-1.14.1-cp27-cp27m-manylinux1_i686.whl", hash = "<insert-SHA256>"},
    {file = "wrapt-1.14.1-cp27-cp27m-manylinux1_x86_64.whl", hash = "<insert-SHA256>"},
    {file = "wrapt-1.14.1-cp27-cp27m-manylinux2010_i686.whl", hash = "<insert-SHA256>"},
    {file = "wrapt-1.14.1-cp27-cp27m-manylinux2010_x86_64.whl", hash = "<insert-SHA256>"},
    {file = "wrapt-1.14.1-cp27-cp27mu-manylinux1_i686.whl", hash = "<insert-SHA256>"},
    {file = "wrapt-1.14.1-cp27-cp27mu-manylinux1_x86_64.whl", hash = "<insert-SHA256>"},
    {file = "wrapt-1.14.1-cp27-cp27mu-manylinux2010_i686.whl", hash = "<insert-SHA256>"},
    {file = "wrapt-1.14.1-cp27-cp27mu-manylinux2010_x86_64.whl", hash = "<insert-SHA256>"},
    {file = "wrapt-1.14.1-cp310-cp310-macosx_10_9_x86_64.whl", hash = "<insert-SHA256>"},
    {file = "wrapt-1.14.1-cp310-cp310-macosx_11_0_arm64.whl", hash = "<insert-SHA256>"},
    {file = "wrapt-1.14.1-cp310-cp310-manylinux_2_17_aarch64.manylinux2014_aarch64.whl", hash = "<insert-SHA256>"},
    {file = "wrapt-1.14.1-cp310-cp310-manylinux_2_5_i686.manylinux1_i686.manylinux_2_17_i686.manylinux2014_i686.whl", hash = "<insert-SHA256>"},
    {file = "wrapt-1.14.1-cp310-cp310-manylinux_2_5_x86_64.manylinux1_x86_64.manylinux_2_17_x86_64.manylinux2014_x86_64.whl", hash = "<insert-SHA256>"},
    {file = "wrapt-1.14.1-cp310-cp310-musllinux_1_1_aarch64.whl", hash = "<insert-SHA256>"},
    {file = "wrapt-1.14.1-cp310-cp310-musllinux_1_1_i686.whl", hash = "<insert-SHA256>"},
    {file = "wrapt-1.14.1-cp310-cp310-musllinux_1_1_x86_64.whl", hash = "<insert-SHA256>"},
    {file = "wrapt-1.14.1-cp310-cp310-win32.whl", hash = "<insert-SHA256>"},
    {file = "wrapt-1.14.1-cp310-cp310-win_amd64.whl", hash = "<insert-SHA256>"},
    {file = "wrapt-1.14.1-cp35-cp35m-manylinux1_i686.whl", hash = "<insert-SHA256>"},
    {file = "wrapt-1.14.1-cp35-cp35m-manylinux1_x86_64.whl", hash = "<insert-SHA256>"},
    {file = "wrapt-1.14.1-cp35-cp35m-manylinux2010_i686.whl", hash = "<insert-SHA256>"},
    {file = "wrapt-1.14.1-cp35-cp35m-manylinux2010_x86_64.whl", hash = "<insert-SHA256>"},
    {file = "wrapt-1.14.1-cp35-cp35m-win32.whl", hash = "<insert-SHA256>"},
    {file = "wrapt-1.14.1-cp35-cp35m-win_amd64.whl", hash = "<insert-SHA256>"},
    {file = "wrapt-1.14.1-cp36-cp36m-macosx_10_9_x86_64.whl", hash = "<insert-SHA256>"},
    {file = "wrapt-1.14.1-cp36-cp36m-manylinux_2_17_aarch64.manylinux2014_aarch64.whl", hash = "<insert-SHA256>"},
    {file = "wrapt-1.14.1-cp36-cp36m-manylinux_2_5_i686.manylinux1_i686.manylinux_2_17_i686.manylinux2014_i686.whl", hash = "<insert-SHA256>"},
    {file = "wrapt-1.14.1-cp36-cp36m-manylinux_2_5_x86_64.manylinux1_x86_64.manylinux_2_17_x86_64.manylinux2014_x86_64.whl", hash = "<insert-SHA256>"},
    {file = "wrapt-1.14.1-cp36-cp36m-musllinux_1_1_aarch64.whl", hash = "<insert-SHA256>"},
    {file = "wrapt-1.14.1-cp36-cp36m-musllinux_1_1_i686.whl", hash = "<insert-SHA256>"},
    {file = "wrapt-1.14.1-cp36-cp36m-musllinux_1_1_x86_64.whl", hash = "<insert-SHA256>"},
    {file = "wrapt-1.14.1-cp36-cp36m-win32.whl", hash = "<insert-SHA256>"},
    {file = "wrapt-1.14.1-cp36-cp36m-win_amd64.whl", hash = "<insert-SHA256>"},
    {file = "wrapt-1.14.1-cp37-cp37m-macosx_10_9_x86_64.whl", hash = "<insert-SHA256>"},
    {file = "wrapt-1.14.1-cp37-cp37m-manylinux_2_17_aarch64.manylinux2014_aarch64.whl", hash = "<insert-SHA256>"},
    {file = "wrapt-1.14.1-cp37-cp37m-manylinux_2_5_i686.manylinux1_i686.manylinux_2_17_i686.manylinux2014_i686.whl", hash = "<insert-SHA256>"},
    {file = "wrapt-1.14.1-cp37-cp37m-manylinux_2_5_x86_64.manylinux1_x86_64.manylinux_2_17_x86_64.manylinux2014_x86_64.whl", hash = "<insert-SHA256>"},
    {file = "wrapt-1.14.1-cp37-cp37m-musllinux_1_1_aarch64.whl", hash = "<insert-SHA256>"},
    {file = "wrapt-1.14.1-cp37-cp37m-musllinux_1_1_i686.whl", hash = "<insert-SHA256>"},
    {file = "wrapt-1.14.1-cp37-cp37m-musllinux_1_1_x86_64.whl", hash = "<insert-SHA256>"},
    {file = "wrapt-1.14.1-cp37-cp37m-win32.whl", hash = "<insert-SHA256>"},
    {file = "wrapt-1.14.1-cp37-cp37m-win_amd64.whl", hash = "<insert-SHA256>"},
    {file = "wrapt-1.14.1-cp38-cp38-macosx_10_9_x86_64.whl", hash = "<insert-SHA256>"},
    {file = "wrapt-1.14.1-cp38-cp38-macosx_11_0_arm64.whl", hash = "<insert-SHA256>"},
    {file = "wrapt-1.14.1-cp38-cp38-manylinux_2_17_aarch64.manylinux2014_aarch64.whl", hash = "<insert-SHA256>"},
    {file = "wrapt-1.14.1-cp38-cp38-manylinux_2_5_i686.manylinux1_i686.manylinux_2_17_i686.manylinux2014_i686.whl", hash = "<insert-SHA256>"},
    {file = "wrapt-1.14.1-cp38-cp38-manylinux_2_5_x86_64.manylinux1_x86_64.manylinux_2_17_x86_64.manylinux2014_x86_64.whl", hash = "<insert-SHA256>"},
    {file = "wrapt-1.14.1-cp38-cp38-musllinux_1_1_aarch64.whl", hash = "<insert-SHA256>"},
    {file = "wrapt-1.14.1-cp38-cp38-musllinux_1_1_i686.whl", hash = "<insert-SHA256>"},
    {file = "wrapt-1.14.1-cp38-cp38-musllinux_1_1_x86_64.whl", hash = "<insert-SHA256>"},
    {file = "wrapt-1.14.1-cp38-cp38-win32.whl", hash = "<insert-SHA256>"},
    {file = "wrapt-1.14.1-cp38-cp38-win_amd64.whl", hash = "<insert-SHA256>"},
    {file = "wrapt-1.14.1-cp39-cp39-macosx_10_9_x86_64.whl", hash = "<insert-SHA256>"},
    {file = "wrapt-1.14.1-cp39-cp39-macosx_11_0_arm64.whl", hash = "<insert-SHA256>"},
    {file = "wrapt-1.14.1-cp39-cp39-manylinux_2_17_aarch64.manylinux2014_aarch64.whl", hash = "<insert-SHA256>"},
    {file = "wrapt-1.14.1-cp39-cp39-manylinux_2_5_i686.manylinux1_i686.manylinux_2_17_i686.manylinux2014_i686.whl", hash = "<insert-SHA256>"},
    {file = "wrapt-1.14.1-cp39-cp39-manylinux_2_5_x86_64.manylinux1_x86_64.manylinux_2_17_x86_64.manylinux2014_x86_64.whl", hash = "<insert-SHA256>"},
    {file = "wrapt-1.14.1-cp39-cp39-musllinux_1_1_aarch64.whl", hash = "<insert-SHA256>"},
    {file = "wrapt-1.14.1-cp39-cp39-musllinux_1_1_i686.whl", hash = "<insert-SHA256>"},
    {file = "wrapt-1.14.1-cp39-cp39-musllinux_1_1_x86_64.whl", hash = "<insert-SHA256>"},
    {file = "wrapt-1.14.1-cp39-cp39-win32.whl", hash = "<insert-SHA256>"},
    {file = "wrapt-1.14.1-cp39-cp39-win_amd64.whl", hash = "<insert-SHA256>"},
    {file = "wrapt-1.14.1.tar.gz", hash = "<insert-SHA256>"},
]
